{
  "nodes": {
    "nixpkgs": {
      "inputs": {
        "nixpkgs": "nixpkgs_2"
      },
      "locked": {
        "narHash": "sha256-sSQCzSybalzlV0opZ7CwrRj4u70rWgp7w6yBR+FJZrk=",
        "path": "/home/dram/code/config/nixos",
        "type": "path"
      },
      "original": {
        "id": "nixpkgs",
        "type": "indirect"
      }
    },
    "nixpkgs_2": {
      "locked": {
        "narHash": "sha256-ggqm+lCRGPYyEyf+mfHFhRA9zNsW1NelFZBNSHS2LSA=",
        "type": "tarball",
        "url": "https://mirrors.tuna.tsinghua.edu.cn/nix-channels/releases/nixos-unstable%40nixos-21.03pre256292.296793637b2/nixexprs.tar.xz"
      },
      "original": {
        "type": "tarball",
        "url": "https://mirrors.tuna.tsinghua.edu.cn/nix-channels/releases/nixos-unstable%40nixos-21.03pre256292.296793637b2/nixexprs.tar.xz"
      }
    },
    "root": {
      "inputs": {
        "nixpkgs": "nixpkgs"
      }
    }
  },
  "root": "root",
  "version": 7
}
